<?xml version="1.0" encoding="utf-8"?>
<Project ToolsVersion="4.0" xmlns="http://schemas.microsoft.com/developer/msbuild/2003">
  <ItemGroup>
    <Filter Include="Base">
      <UniqueIdentifier>{5525f3ab-68cf-4742-a711-52f96fe8ef40}</UniqueIdentifier>
    </Filter>
    <Filter Include="Components">
      <UniqueIdentifier>{d1d99c1e-10a7-4d39-bfb4-d34ad09de4d0}</UniqueIdentifier>
    </Filter>
    <Filter Include="Content">
      <UniqueIdentifier>{b0cef729-ae24-4aac-afb8-9c92f0ff2a5c}</UniqueIdentifier>
    </Filter>
    <Filter Include="Debug">
      <UniqueIdentifier>{e943a31f-d3d2-4065-9210-e098fc0394d2}</UniqueIdentifier>
    </Filter>
    <Filter Include="Game">
      <UniqueIdentifier>{1e07243a-cfc0-4225-8138-0bd196aa66c3}</UniqueIdentifier>
    </Filter>
    <Filter Include="Graphics">
      <UniqueIdentifier>{4c00bd82-3fd8-4c92-a622-fc4761a8d88e}</UniqueIdentifier>
    </Filter>
    <Filter Include="Helpers">
      <UniqueIdentifier>{934559fe-38ae-4567-8316-4d443667b2b6}</UniqueIdentifier>
    </Filter>
    <Filter Include="Scenegraph">
      <UniqueIdentifier>{3ebd58ff-d5f0-482b-805f-3658d1efeac3}</UniqueIdentifier>
    </Filter>
    <Filter Include="Main">
      <UniqueIdentifier>{4FC737F1-C7A5-4376-A066-2A32D752A2FF}</UniqueIdentifier>
      <Extensions>cpp;c;cc;cxx;def;odl;idl;hpj;bat;asm;asmx</Extensions>
    </Filter>
    <Filter Include="Base\Input">
      <UniqueIdentifier>{daa632a4-9641-414f-8436-445a002f2532}</UniqueIdentifier>
    </Filter>
    <Filter Include="Audio">
      <UniqueIdentifier>{5a961544-6832-454a-bb8d-3f9c9a171d4b}</UniqueIdentifier>
    </Filter>
    <Filter Include="Game\Prefabs">
      <UniqueIdentifier>{e54b550d-5f4b-40f9-9bd0-565a7069091d}</UniqueIdentifier>
    </Filter>
    <Filter Include="AI">
      <UniqueIdentifier>{a8e5f324-260a-4fbd-8abc-cc09fc92a745}</UniqueIdentifier>
    </Filter>
    <Filter Include="ObserveSystem">
      <UniqueIdentifier>{209eac1b-fcb4-4eae-9616-302ceded8fce}</UniqueIdentifier>
    </Filter>
  </ItemGroup>
  <ItemGroup>
    <ClInclude Include="SceneManager.h">
      <Filter>Base</Filter>
    </ClInclude>
    <ClInclude Include="GameTime.h">
      <Filter>Base</Filter>
    </ClInclude>
    <ClInclude Include="BaseComponent.h">
      <Filter>Components</Filter>
    </ClInclude>
    <ClInclude Include="TextComponent.h">
      <Filter>Components</Filter>
    </ClInclude>
    <ClInclude Include="TextureComponent.h">
      <Filter>Components</Filter>
    </ClInclude>
    <ClInclude Include="TransformComponent.h">
      <Filter>Components</Filter>
    </ClInclude>
    <ClInclude Include="ResourceManager.h">
      <Filter>Content</Filter>
    </ClInclude>
    <ClInclude Include="Log.h">
      <Filter>Debug</Filter>
    </ClInclude>
    <ClInclude Include="FPSScene.h">
      <Filter>Game</Filter>
    </ClInclude>
    <ClInclude Include="Singleton.h">
      <Filter>Helpers</Filter>
    </ClInclude>
    <ClInclude Include="targetver.h">
      <Filter>Helpers</Filter>
    </ClInclude>
    <ClInclude Include="Font.h">
      <Filter>Graphics</Filter>
    </ClInclude>
    <ClInclude Include="Renderer.h">
      <Filter>Graphics</Filter>
    </ClInclude>
    <ClInclude Include="TextRenderer.h">
      <Filter>Graphics</Filter>
    </ClInclude>
    <ClInclude Include="GameObject.h">
      <Filter>Scenegraph</Filter>
    </ClInclude>
    <ClInclude Include="Scene.h">
      <Filter>Scenegraph</Filter>
    </ClInclude>
    <ClInclude Include="Texture2D.h">
      <Filter>Graphics</Filter>
    </ClInclude>
    <ClInclude Include="Minigin.h">
      <Filter>Main</Filter>
    </ClInclude>
    <ClInclude Include="MiniginPCH.h">
      <Filter>Main</Filter>
    </ClInclude>
    <ClInclude Include="MathHelper.h">
      <Filter>Helpers</Filter>
    </ClInclude>
    <ClInclude Include="InputManager.h">
      <Filter>Base\Input</Filter>
    </ClInclude>
    <ClInclude Include="BaseCommand.h">
      <Filter>Base\Input</Filter>
    </ClInclude>
    <ClInclude Include="Locator.h">
      <Filter>Content</Filter>
    </ClInclude>
    <ClInclude Include="Audio.h">
      <Filter>Content</Filter>
    </ClInclude>
    <ClInclude Include="Player.h">
      <Filter>Game\Prefabs</Filter>
    </ClInclude>
    <ClInclude Include="CommandComponent.h">
      <Filter>Components</Filter>
    </ClInclude>
    <ClInclude Include="LevelGrid.h">
      <Filter>Game</Filter>
    </ClInclude>
    <ClInclude Include="LevelScene.h">
      <Filter>Game</Filter>
    </ClInclude>
    <ClInclude Include="ColliderComponent.h">
      <Filter>Components</Filter>
    </ClInclude>
    <ClInclude Include="FiniteStateMachine.h">
      <Filter>AI</Filter>
    </ClInclude>
    <ClInclude Include="States.h">
      <Filter>AI</Filter>
    </ClInclude>
    <ClInclude Include="Observer.h">
      <Filter>ObserveSystem</Filter>
    </ClInclude>
    <ClInclude Include="Subject.h">
      <Filter>ObserveSystem</Filter>
    </ClInclude>
    <ClInclude Include="Event.h">
      <Filter>ObserveSystem</Filter>
    </ClInclude>
    <ClInclude Include="UIDisplay.h">
      <Filter>Game</Filter>
    </ClInclude>
    <ClInclude Include="Fygar.h">
      <Filter>Game\Prefabs</Filter>
    </ClInclude>
    <ClInclude Include="Transition.h">
      <Filter>AI</Filter>
    </ClInclude>
    <ClInclude Include="LevelObserver.h">
      <Filter>Game</Filter>
    </ClInclude>
  </ItemGroup>
  <ItemGroup>
    <ClCompile Include="Main.cpp">
      <Filter>Main</Filter>
    </ClCompile>
    <ClCompile Include="Minigin.cpp">
      <Filter>Main</Filter>
    </ClCompile>
    <ClCompile Include="MiniginPCH.cpp">
      <Filter>Main</Filter>
    </ClCompile>
    <ClCompile Include="SceneManager.cpp">
      <Filter>Base</Filter>
    </ClCompile>
    <ClCompile Include="GameTime.cpp">
      <Filter>Base</Filter>
    </ClCompile>
    <ClCompile Include="BaseComponent.cpp">
      <Filter>Components</Filter>
    </ClCompile>
    <ClCompile Include="TextComponent.cpp">
      <Filter>Components</Filter>
    </ClCompile>
    <ClCompile Include="TextureComponent.cpp">
      <Filter>Components</Filter>
    </ClCompile>
    <ClCompile Include="TransformComponent.cpp">
      <Filter>Components</Filter>
    </ClCompile>
    <ClCompile Include="ResourceManager.cpp">
      <Filter>Content</Filter>
    </ClCompile>
    <ClCompile Include="Log.cpp">
      <Filter>Debug</Filter>
    </ClCompile>
    <ClCompile Include="FPSScene.cpp">
      <Filter>Game</Filter>
    </ClCompile>
    <ClCompile Include="Font.cpp">
      <Filter>Graphics</Filter>
    </ClCompile>
    <ClCompile Include="Renderer.cpp">
      <Filter>Graphics</Filter>
    </ClCompile>
    <ClCompile Include="TextRenderer.cpp">
      <Filter>Graphics</Filter>
    </ClCompile>
    <ClCompile Include="GameObject.cpp">
      <Filter>Scenegraph</Filter>
    </ClCompile>
    <ClCompile Include="Scene.cpp">
      <Filter>Scenegraph</Filter>
    </ClCompile>
    <ClCompile Include="Texture2D.cpp">
      <Filter>Graphics</Filter>
    </ClCompile>
    <ClCompile Include="InputManager.cpp">
      <Filter>Base\Input</Filter>
    </ClCompile>
    <ClCompile Include="BaseCommand.cpp">
      <Filter>Base\Input</Filter>
    </ClCompile>
    <ClCompile Include="Locator.cpp">
      <Filter>Content</Filter>
    </ClCompile>
    <ClCompile Include="Audio.cpp">
      <Filter>Content</Filter>
    </ClCompile>
    <ClCompile Include="Player.cpp">
      <Filter>Game\Prefabs</Filter>
    </ClCompile>
    <ClCompile Include="CommandComponent.cpp">
      <Filter>Components</Filter>
    </ClCompile>
    <ClCompile Include="LevelGrid.cpp">
      <Filter>Game</Filter>
    </ClCompile>
    <ClCompile Include="LevelScene.cpp">
      <Filter>Game</Filter>
    </ClCompile>
    <ClCompile Include="ColliderComponent.cpp">
      <Filter>Components</Filter>
    </ClCompile>
    <ClCompile Include="FiniteStateMachine.cpp">
      <Filter>AI</Filter>
    </ClCompile>
    <ClCompile Include="States.cpp">
      <Filter>AI</Filter>
    </ClCompile>
    <ClCompile Include="UIDisplay.cpp">
      <Filter>Game</Filter>
    </ClCompile>
    <ClCompile Include="Fygar.cpp">
      <Filter>Game\Prefabs</Filter>
    </ClCompile>
    <ClCompile Include="Transition.cpp">
      <Filter>AI</Filter>
    </ClCompile>
  </ItemGroup>
</Project>